// !$*UTF8*$!
{
	archiveVersion = 1;
	classes = {
	};
	objectVersion = 46;
	objects = {

/* Begin PBXBuildFile section */
		2EAD9B8A878F50256630AFC0 /* libPods.a in Frameworks */ = {isa = PBXBuildFile; fileRef = C437999C984C6CDD9C62426C /* libPods.a */; };
		7D2B557C1AE42D1C002720D6 /* EMABUser.m in Sources */ = {isa = PBXBuildFile; fileRef = 7D2B557B1AE42D1C002720D6 /* EMABUser.m */; };
		7D2B557F1AE42D42002720D6 /* EMABCategory.m in Sources */ = {isa = PBXBuildFile; fileRef = 7D2B557E1AE42D42002720D6 /* EMABCategory.m */; };
		7D2B55821AE42D5B002720D6 /* EMABProduct.m in Sources */ = {isa = PBXBuildFile; fileRef = 7D2B55811AE42D5B002720D6 /* EMABProduct.m */; };
		7D2B55851AE42D78002720D6 /* EMABOrderItem.m in Sources */ = {isa = PBXBuildFile; fileRef = 7D2B55841AE42D78002720D6 /* EMABOrderItem.m */; };
		7D2B55881AE42D8B002720D6 /* EMABOrder.m in Sources */ = {isa = PBXBuildFile; fileRef = 7D2B55871AE42D8B002720D6 /* EMABOrder.m */; };
		7D2B558B1AE42DA2002720D6 /* EMABPaymentMethod.m in Sources */ = {isa = PBXBuildFile; fileRef = 7D2B558A1AE42DA2002720D6 /* EMABPaymentMethod.m */; };
		7D2B558E1AE42DC1002720D6 /* EMABFavoriteProduct.m in Sources */ = {isa = PBXBuildFile; fileRef = 7D2B558D1AE42DC1002720D6 /* EMABFavoriteProduct.m */; };
		7D2B55911AE43049002720D6 /* EMABCategoryTableViewCell.m in Sources */ = {isa = PBXBuildFile; fileRef = 7D2B55901AE43049002720D6 /* EMABCategoryTableViewCell.m */; };
		7D2B55941AE43069002720D6 /* EMABProductTableViewCell.m in Sources */ = {isa = PBXBuildFile; fileRef = 7D2B55931AE43069002720D6 /* EMABProductTableViewCell.m */; };
		7D2B55971AE4308D002720D6 /* EMABOrderItemTableViewCell.m in Sources */ = {isa = PBXBuildFile; fileRef = 7D2B55961AE4308D002720D6 /* EMABOrderItemTableViewCell.m */; };
		7D2B559A1AE430AE002720D6 /* EMABPaymentMethodTableViewCell.m in Sources */ = {isa = PBXBuildFile; fileRef = 7D2B55991AE430AE002720D6 /* EMABPaymentMethodTableViewCell.m */; };
		7D2B559D1AE430CD002720D6 /* EMABOrderHistoryTableViewCell.m in Sources */ = {isa = PBXBuildFile; fileRef = 7D2B559C1AE430CD002720D6 /* EMABOrderHistoryTableViewCell.m */; };
		7D2B55A01AE4310F002720D6 /* EMABSignupViewController.m in Sources */ = {isa = PBXBuildFile; fileRef = 7D2B559F1AE4310F002720D6 /* EMABSignupViewController.m */; };
		7D2B55A31AE43122002720D6 /* EMABLoginViewController.m in Sources */ = {isa = PBXBuildFile; fileRef = 7D2B55A21AE43122002720D6 /* EMABLoginViewController.m */; };
		7D2B55A61AE43175002720D6 /* EMABCategoriesTableViewController.m in Sources */ = {isa = PBXBuildFile; fileRef = 7D2B55A51AE43175002720D6 /* EMABCategoriesTableViewController.m */; };
		7D2B55A91AE43194002720D6 /* EMABProductsTableViewController.m in Sources */ = {isa = PBXBuildFile; fileRef = 7D2B55A81AE43194002720D6 /* EMABProductsTableViewController.m */; };
		7D2B55AC1AE431CA002720D6 /* EMABProductsFilterViewController.m in Sources */ = {isa = PBXBuildFile; fileRef = 7D2B55AB1AE431CA002720D6 /* EMABProductsFilterViewController.m */; };
		7D2B55AF1AE431F2002720D6 /* EMABProductDetailViewController.m in Sources */ = {isa = PBXBuildFile; fileRef = 7D2B55AE1AE431F2002720D6 /* EMABProductDetailViewController.m */; };
		7D2B55B21AE43216002720D6 /* EMABBagTableViewController.m in Sources */ = {isa = PBXBuildFile; fileRef = 7D2B55B11AE43216002720D6 /* EMABBagTableViewController.m */; };
		7D2B55B51AE4323D002720D6 /* EMABUserProfileTableViewController.m in Sources */ = {isa = PBXBuildFile; fileRef = 7D2B55B41AE4323D002720D6 /* EMABUserProfileTableViewController.m */; };
		7D2B55B81AE4326E002720D6 /* EMABUserFavoriteHistoryTableViewController.m in Sources */ = {isa = PBXBuildFile; fileRef = 7D2B55B71AE4326E002720D6 /* EMABUserFavoriteHistoryTableViewController.m */; };
		7D2B55BB1AE4329B002720D6 /* EMABUserPaymentMethodTableViewController.m in Sources */ = {isa = PBXBuildFile; fileRef = 7D2B55BA1AE4329B002720D6 /* EMABUserPaymentMethodTableViewController.m */; };
		7D2B55BE1AE43718002720D6 /* EMABUserAccountTableViewController.m in Sources */ = {isa = PBXBuildFile; fileRef = 7D2B55BD1AE43718002720D6 /* EMABUserAccountTableViewController.m */; };
		7D2B55C11AE437BC002720D6 /* EMABUserOrderHistoryTableViewController.m in Sources */ = {isa = PBXBuildFile; fileRef = 7D2B55C01AE437BC002720D6 /* EMABUserOrderHistoryTableViewController.m */; };
		7D3EDC1C1AE2A29200FF229C /* EMABDispatchViewController.m in Sources */ = {isa = PBXBuildFile; fileRef = 7D3EDC1B1AE2A29200FF229C /* EMABDispatchViewController.m */; };
		7D3EDC1F1AE2A37500FF229C /* EMABConstants.m in Sources */ = {isa = PBXBuildFile; fileRef = 7D3EDC1E1AE2A37500FF229C /* EMABConstants.m */; };
		7D4E4EEC1AE0BB4C001553D9 /* LoginSignup.storyboard in Resources */ = {isa = PBXBuildFile; fileRef = 7D4E4EEB1AE0BB4C001553D9 /* LoginSignup.storyboard */; };
		7DCA057A1ADEE1B800501623 /* main.m in Sources */ = {isa = PBXBuildFile; fileRef = 7DCA05791ADEE1B800501623 /* main.m */; };
		7DCA057D1ADEE1B800501623 /* EMABAppDelegate.m in Sources */ = {isa = PBXBuildFile; fileRef = 7DCA057C1ADEE1B800501623 /* EMABAppDelegate.m */; };
		7DCA05861ADEE1B800501623 /* Main.storyboard in Resources */ = {isa = PBXBuildFile; fileRef = 7DCA05841ADEE1B800501623 /* Main.storyboard */; };
		7DCA05881ADEE1B800501623 /* Images.xcassets in Resources */ = {isa = PBXBuildFile; fileRef = 7DCA05871ADEE1B800501623 /* Images.xcassets */; };
		7DCA058B1ADEE1B800501623 /* LaunchScreen.xib in Resources */ = {isa = PBXBuildFile; fileRef = 7DCA05891ADEE1B800501623 /* LaunchScreen.xib */; };
		7DCA05971ADEE1B800501623 /* Chapter1Tests.m in Sources */ = {isa = PBXBuildFile; fileRef = 7DCA05961ADEE1B800501623 /* Chapter1Tests.m */; };
/* End PBXBuildFile section */

/* Begin PBXContainerItemProxy section */
		7DCA05911ADEE1B800501623 /* PBXContainerItemProxy */ = {
			isa = PBXContainerItemProxy;
			containerPortal = 7DCA056C1ADEE1B800501623 /* Project object */;
			proxyType = 1;
			remoteGlobalIDString = 7DCA05731ADEE1B800501623;
			remoteInfo = Chapter1;
		};
/* End PBXContainerItemProxy section */

/* Begin PBXFileReference section */
		7B90FA775D57D26A0C9EDF4F /* Pods.debug.xcconfig */ = {isa = PBXFileReference; includeInIndex = 1; lastKnownFileType = text.xcconfig; name = Pods.debug.xcconfig; path = "Pods/Target Support Files/Pods/Pods.debug.xcconfig"; sourceTree = "<group>"; };
		7D2B557A1AE42D1C002720D6 /* EMABUser.h */ = {isa = PBXFileReference; fileEncoding = 4; lastKnownFileType = sourcecode.c.h; path = EMABUser.h; sourceTree = "<group>"; };
		7D2B557B1AE42D1C002720D6 /* EMABUser.m */ = {isa = PBXFileReference; fileEncoding = 4; lastKnownFileType = sourcecode.c.objc; path = EMABUser.m; sourceTree = "<group>"; };
		7D2B557D1AE42D42002720D6 /* EMABCategory.h */ = {isa = PBXFileReference; fileEncoding = 4; lastKnownFileType = sourcecode.c.h; path = EMABCategory.h; sourceTree = "<group>"; };
		7D2B557E1AE42D42002720D6 /* EMABCategory.m */ = {isa = PBXFileReference; fileEncoding = 4; lastKnownFileType = sourcecode.c.objc; path = EMABCategory.m; sourceTree = "<group>"; };
		7D2B55801AE42D5B002720D6 /* EMABProduct.h */ = {isa = PBXFileReference; fileEncoding = 4; lastKnownFileType = sourcecode.c.h; path = EMABProduct.h; sourceTree = "<group>"; };
		7D2B55811AE42D5B002720D6 /* EMABProduct.m */ = {isa = PBXFileReference; fileEncoding = 4; lastKnownFileType = sourcecode.c.objc; path = EMABProduct.m; sourceTree = "<group>"; };
		7D2B55831AE42D78002720D6 /* EMABOrderItem.h */ = {isa = PBXFileReference; fileEncoding = 4; lastKnownFileType = sourcecode.c.h; path = EMABOrderItem.h; sourceTree = "<group>"; };
		7D2B55841AE42D78002720D6 /* EMABOrderItem.m */ = {isa = PBXFileReference; fileEncoding = 4; lastKnownFileType = sourcecode.c.objc; path = EMABOrderItem.m; sourceTree = "<group>"; };
		7D2B55861AE42D8B002720D6 /* EMABOrder.h */ = {isa = PBXFileReference; fileEncoding = 4; lastKnownFileType = sourcecode.c.h; path = EMABOrder.h; sourceTree = "<group>"; };
		7D2B55871AE42D8B002720D6 /* EMABOrder.m */ = {isa = PBXFileReference; fileEncoding = 4; lastKnownFileType = sourcecode.c.objc; path = EMABOrder.m; sourceTree = "<group>"; };
		7D2B55891AE42DA2002720D6 /* EMABPaymentMethod.h */ = {isa = PBXFileReference; fileEncoding = 4; lastKnownFileType = sourcecode.c.h; path = EMABPaymentMethod.h; sourceTree = "<group>"; };
		7D2B558A1AE42DA2002720D6 /* EMABPaymentMethod.m */ = {isa = PBXFileReference; fileEncoding = 4; lastKnownFileType = sourcecode.c.objc; path = EMABPaymentMethod.m; sourceTree = "<group>"; };
		7D2B558C1AE42DC1002720D6 /* EMABFavoriteProduct.h */ = {isa = PBXFileReference; fileEncoding = 4; lastKnownFileType = sourcecode.c.h; path = EMABFavoriteProduct.h; sourceTree = "<group>"; };
		7D2B558D1AE42DC1002720D6 /* EMABFavoriteProduct.m */ = {isa = PBXFileReference; fileEncoding = 4; lastKnownFileType = sourcecode.c.objc; path = EMABFavoriteProduct.m; sourceTree = "<group>"; };
		7D2B558F1AE43049002720D6 /* EMABCategoryTableViewCell.h */ = {isa = PBXFileReference; fileEncoding = 4; lastKnownFileType = sourcecode.c.h; path = EMABCategoryTableViewCell.h; sourceTree = "<group>"; };
		7D2B55901AE43049002720D6 /* EMABCategoryTableViewCell.m */ = {isa = PBXFileReference; fileEncoding = 4; lastKnownFileType = sourcecode.c.objc; path = EMABCategoryTableViewCell.m; sourceTree = "<group>"; };
		7D2B55921AE43069002720D6 /* EMABProductTableViewCell.h */ = {isa = PBXFileReference; fileEncoding = 4; lastKnownFileType = sourcecode.c.h; path = EMABProductTableViewCell.h; sourceTree = "<group>"; };
		7D2B55931AE43069002720D6 /* EMABProductTableViewCell.m */ = {isa = PBXFileReference; fileEncoding = 4; lastKnownFileType = sourcecode.c.objc; path = EMABProductTableViewCell.m; sourceTree = "<group>"; };
		7D2B55951AE4308D002720D6 /* EMABOrderItemTableViewCell.h */ = {isa = PBXFileReference; fileEncoding = 4; lastKnownFileType = sourcecode.c.h; path = EMABOrderItemTableViewCell.h; sourceTree = "<group>"; };
		7D2B55961AE4308D002720D6 /* EMABOrderItemTableViewCell.m */ = {isa = PBXFileReference; fileEncoding = 4; lastKnownFileType = sourcecode.c.objc; path = EMABOrderItemTableViewCell.m; sourceTree = "<group>"; };
		7D2B55981AE430AE002720D6 /* EMABPaymentMethodTableViewCell.h */ = {isa = PBXFileReference; fileEncoding = 4; lastKnownFileType = sourcecode.c.h; path = EMABPaymentMethodTableViewCell.h; sourceTree = "<group>"; };
		7D2B55991AE430AE002720D6 /* EMABPaymentMethodTableViewCell.m */ = {isa = PBXFileReference; fileEncoding = 4; lastKnownFileType = sourcecode.c.objc; path = EMABPaymentMethodTableViewCell.m; sourceTree = "<group>"; };
		7D2B559B1AE430CD002720D6 /* EMABOrderHistoryTableViewCell.h */ = {isa = PBXFileReference; fileEncoding = 4; lastKnownFileType = sourcecode.c.h; path = EMABOrderHistoryTableViewCell.h; sourceTree = "<group>"; };
		7D2B559C1AE430CD002720D6 /* EMABOrderHistoryTableViewCell.m */ = {isa = PBXFileReference; fileEncoding = 4; lastKnownFileType = sourcecode.c.objc; path = EMABOrderHistoryTableViewCell.m; sourceTree = "<group>"; };
		7D2B559E1AE4310F002720D6 /* EMABSignupViewController.h */ = {isa = PBXFileReference; fileEncoding = 4; lastKnownFileType = sourcecode.c.h; path = EMABSignupViewController.h; sourceTree = "<group>"; };
		7D2B559F1AE4310F002720D6 /* EMABSignupViewController.m */ = {isa = PBXFileReference; fileEncoding = 4; lastKnownFileType = sourcecode.c.objc; path = EMABSignupViewController.m; sourceTree = "<group>"; };
		7D2B55A11AE43122002720D6 /* EMABLoginViewController.h */ = {isa = PBXFileReference; fileEncoding = 4; lastKnownFileType = sourcecode.c.h; path = EMABLoginViewController.h; sourceTree = "<group>"; };
		7D2B55A21AE43122002720D6 /* EMABLoginViewController.m */ = {isa = PBXFileReference; fileEncoding = 4; lastKnownFileType = sourcecode.c.objc; path = EMABLoginViewController.m; sourceTree = "<group>"; };
		7D2B55A41AE43175002720D6 /* EMABCategoriesTableViewController.h */ = {isa = PBXFileReference; fileEncoding = 4; lastKnownFileType = sourcecode.c.h; path = EMABCategoriesTableViewController.h; sourceTree = "<group>"; };
		7D2B55A51AE43175002720D6 /* EMABCategoriesTableViewController.m */ = {isa = PBXFileReference; fileEncoding = 4; lastKnownFileType = sourcecode.c.objc; path = EMABCategoriesTableViewController.m; sourceTree = "<group>"; };
		7D2B55A71AE43194002720D6 /* EMABProductsTableViewController.h */ = {isa = PBXFileReference; fileEncoding = 4; lastKnownFileType = sourcecode.c.h; path = EMABProductsTableViewController.h; sourceTree = "<group>"; };
		7D2B55A81AE43194002720D6 /* EMABProductsTableViewController.m */ = {isa = PBXFileReference; fileEncoding = 4; lastKnownFileType = sourcecode.c.objc; path = EMABProductsTableViewController.m; sourceTree = "<group>"; };
		7D2B55AA1AE431CA002720D6 /* EMABProductsFilterViewController.h */ = {isa = PBXFileReference; fileEncoding = 4; lastKnownFileType = sourcecode.c.h; path = EMABProductsFilterViewController.h; sourceTree = "<group>"; };
		7D2B55AB1AE431CA002720D6 /* EMABProductsFilterViewController.m */ = {isa = PBXFileReference; fileEncoding = 4; lastKnownFileType = sourcecode.c.objc; path = EMABProductsFilterViewController.m; sourceTree = "<group>"; };
		7D2B55AD1AE431F2002720D6 /* EMABProductDetailViewController.h */ = {isa = PBXFileReference; fileEncoding = 4; lastKnownFileType = sourcecode.c.h; path = EMABProductDetailViewController.h; sourceTree = "<group>"; };
		7D2B55AE1AE431F2002720D6 /* EMABProductDetailViewController.m */ = {isa = PBXFileReference; fileEncoding = 4; lastKnownFileType = sourcecode.c.objc; path = EMABProductDetailViewController.m; sourceTree = "<group>"; };
		7D2B55B01AE43216002720D6 /* EMABBagTableViewController.h */ = {isa = PBXFileReference; fileEncoding = 4; lastKnownFileType = sourcecode.c.h; path = EMABBagTableViewController.h; sourceTree = "<group>"; };
		7D2B55B11AE43216002720D6 /* EMABBagTableViewController.m */ = {isa = PBXFileReference; fileEncoding = 4; lastKnownFileType = sourcecode.c.objc; path = EMABBagTableViewController.m; sourceTree = "<group>"; };
		7D2B55B31AE4323D002720D6 /* EMABUserProfileTableViewController.h */ = {isa = PBXFileReference; fileEncoding = 4; lastKnownFileType = sourcecode.c.h; path = EMABUserProfileTableViewController.h; sourceTree = "<group>"; };
		7D2B55B41AE4323D002720D6 /* EMABUserProfileTableViewController.m */ = {isa = PBXFileReference; fileEncoding = 4; lastKnownFileType = sourcecode.c.objc; path = EMABUserProfileTableViewController.m; sourceTree = "<group>"; };
		7D2B55B61AE4326E002720D6 /* EMABUserFavoriteHistoryTableViewController.h */ = {isa = PBXFileReference; fileEncoding = 4; lastKnownFileType = sourcecode.c.h; path = EMABUserFavoriteHistoryTableViewController.h; sourceTree = "<group>"; };
		7D2B55B71AE4326E002720D6 /* EMABUserFavoriteHistoryTableViewController.m */ = {isa = PBXFileReference; fileEncoding = 4; lastKnownFileType = sourcecode.c.objc; path = EMABUserFavoriteHistoryTableViewController.m; sourceTree = "<group>"; };
		7D2B55B91AE4329B002720D6 /* EMABUserPaymentMethodTableViewController.h */ = {isa = PBXFileReference; fileEncoding = 4; lastKnownFileType = sourcecode.c.h; path = EMABUserPaymentMethodTableViewController.h; sourceTree = "<group>"; };
		7D2B55BA1AE4329B002720D6 /* EMABUserPaymentMethodTableViewController.m */ = {isa = PBXFileReference; fileEncoding = 4; lastKnownFileType = sourcecode.c.objc; path = EMABUserPaymentMethodTableViewController.m; sourceTree = "<group>"; };
		7D2B55BC1AE43718002720D6 /* EMABUserAccountTableViewController.h */ = {isa = PBXFileReference; fileEncoding = 4; lastKnownFileType = sourcecode.c.h; path = EMABUserAccountTableViewController.h; sourceTree = "<group>"; };
		7D2B55BD1AE43718002720D6 /* EMABUserAccountTableViewController.m */ = {isa = PBXFileReference; fileEncoding = 4; lastKnownFileType = sourcecode.c.objc; path = EMABUserAccountTableViewController.m; sourceTree = "<group>"; };
		7D2B55BF1AE437BC002720D6 /* EMABUserOrderHistoryTableViewController.h */ = {isa = PBXFileReference; fileEncoding = 4; lastKnownFileType = sourcecode.c.h; path = EMABUserOrderHistoryTableViewController.h; sourceTree = "<group>"; };
		7D2B55C01AE437BC002720D6 /* EMABUserOrderHistoryTableViewController.m */ = {isa = PBXFileReference; fileEncoding = 4; lastKnownFileType = sourcecode.c.objc; path = EMABUserOrderHistoryTableViewController.m; sourceTree = "<group>"; };
		7D3EDC1A1AE2A29200FF229C /* EMABDispatchViewController.h */ = {isa = PBXFileReference; fileEncoding = 4; lastKnownFileType = sourcecode.c.h; path = EMABDispatchViewController.h; sourceTree = "<group>"; };
		7D3EDC1B1AE2A29200FF229C /* EMABDispatchViewController.m */ = {isa = PBXFileReference; fileEncoding = 4; lastKnownFileType = sourcecode.c.objc; path = EMABDispatchViewController.m; sourceTree = "<group>"; };
		7D3EDC1D1AE2A37500FF229C /* EMABConstants.h */ = {isa = PBXFileReference; fileEncoding = 4; lastKnownFileType = sourcecode.c.h; path = EMABConstants.h; sourceTree = "<group>"; };
		7D3EDC1E1AE2A37500FF229C /* EMABConstants.m */ = {isa = PBXFileReference; fileEncoding = 4; lastKnownFileType = sourcecode.c.objc; path = EMABConstants.m; sourceTree = "<group>"; };
		7D4E4EEB1AE0BB4C001553D9 /* LoginSignup.storyboard */ = {isa = PBXFileReference; fileEncoding = 4; lastKnownFileType = file.storyboard; path = LoginSignup.storyboard; sourceTree = "<group>"; };
		7DCA05741ADEE1B800501623 /* Chapter7.app */ = {isa = PBXFileReference; explicitFileType = wrapper.application; includeInIndex = 0; path = Chapter7.app; sourceTree = BUILT_PRODUCTS_DIR; };
		7DCA05781ADEE1B800501623 /* Info.plist */ = {isa = PBXFileReference; lastKnownFileType = text.plist.xml; path = Info.plist; sourceTree = "<group>"; };
		7DCA05791ADEE1B800501623 /* main.m */ = {isa = PBXFileReference; lastKnownFileType = sourcecode.c.objc; path = main.m; sourceTree = "<group>"; };
		7DCA057B1ADEE1B800501623 /* EMABAppDelegate.h */ = {isa = PBXFileReference; lastKnownFileType = sourcecode.c.h; path = EMABAppDelegate.h; sourceTree = "<group>"; };
		7DCA057C1ADEE1B800501623 /* EMABAppDelegate.m */ = {isa = PBXFileReference; lastKnownFileType = sourcecode.c.objc; path = EMABAppDelegate.m; sourceTree = "<group>"; };
		7DCA05851ADEE1B800501623 /* Base */ = {isa = PBXFileReference; lastKnownFileType = file.storyboard; name = Base; path = Base.lproj/Main.storyboard; sourceTree = "<group>"; };
		7DCA05871ADEE1B800501623 /* Images.xcassets */ = {isa = PBXFileReference; lastKnownFileType = folder.assetcatalog; path = Images.xcassets; sourceTree = "<group>"; };
		7DCA058A1ADEE1B800501623 /* Base */ = {isa = PBXFileReference; lastKnownFileType = file.xib; name = Base; path = Base.lproj/LaunchScreen.xib; sourceTree = "<group>"; };
		7DCA05901ADEE1B800501623 /* Chapter7Tests.xctest */ = {isa = PBXFileReference; explicitFileType = wrapper.cfbundle; includeInIndex = 0; path = Chapter7Tests.xctest; sourceTree = BUILT_PRODUCTS_DIR; };
		7DCA05951ADEE1B800501623 /* Info.plist */ = {isa = PBXFileReference; lastKnownFileType = text.plist.xml; path = Info.plist; sourceTree = "<group>"; };
		7DCA05961ADEE1B800501623 /* Chapter1Tests.m */ = {isa = PBXFileReference; lastKnownFileType = sourcecode.c.objc; path = Chapter1Tests.m; sourceTree = "<group>"; };
		80CF841F8F32251F599EA8BA /* Pods.release.xcconfig */ = {isa = PBXFileReference; includeInIndex = 1; lastKnownFileType = text.xcconfig; name = Pods.release.xcconfig; path = "Pods/Target Support Files/Pods/Pods.release.xcconfig"; sourceTree = "<group>"; };
		C437999C984C6CDD9C62426C /* libPods.a */ = {isa = PBXFileReference; explicitFileType = archive.ar; includeInIndex = 0; path = libPods.a; sourceTree = BUILT_PRODUCTS_DIR; };
/* End PBXFileReference section */

/* Begin PBXFrameworksBuildPhase section */
		7DCA05711ADEE1B800501623 /* Frameworks */ = {
			isa = PBXFrameworksBuildPhase;
			buildActionMask = 2147483647;
			files = (
				2EAD9B8A878F50256630AFC0 /* libPods.a in Frameworks */,
			);
			runOnlyForDeploymentPostprocessing = 0;
		};
		7DCA058D1ADEE1B800501623 /* Frameworks */ = {
			isa = PBXFrameworksBuildPhase;
			buildActionMask = 2147483647;
			files = (
			);
			runOnlyForDeploymentPostprocessing = 0;
		};
/* End PBXFrameworksBuildPhase section */

/* Begin PBXGroup section */
		50487B78628635A2FAEB4312 /* Frameworks */ = {
			isa = PBXGroup;
			children = (
				C437999C984C6CDD9C62426C /* libPods.a */,
			);
			name = Frameworks;
			sourceTree = "<group>";
		};
		7D2B55761AE42CB6002720D6 /* Model */ = {
			isa = PBXGroup;
			children = (
				7D2B557A1AE42D1C002720D6 /* EMABUser.h */,
				7D2B557B1AE42D1C002720D6 /* EMABUser.m */,
				7D2B557D1AE42D42002720D6 /* EMABCategory.h */,
				7D2B557E1AE42D42002720D6 /* EMABCategory.m */,
				7D2B55801AE42D5B002720D6 /* EMABProduct.h */,
				7D2B55811AE42D5B002720D6 /* EMABProduct.m */,
				7D2B55831AE42D78002720D6 /* EMABOrderItem.h */,
				7D2B55841AE42D78002720D6 /* EMABOrderItem.m */,
				7D2B55861AE42D8B002720D6 /* EMABOrder.h */,
				7D2B55871AE42D8B002720D6 /* EMABOrder.m */,
				7D2B55891AE42DA2002720D6 /* EMABPaymentMethod.h */,
				7D2B558A1AE42DA2002720D6 /* EMABPaymentMethod.m */,
				7D2B558C1AE42DC1002720D6 /* EMABFavoriteProduct.h */,
				7D2B558D1AE42DC1002720D6 /* EMABFavoriteProduct.m */,
			);
			name = Model;
			sourceTree = "<group>";
		};
		7D2B55771AE42CCF002720D6 /* View */ = {
			isa = PBXGroup;
			children = (
				7D2B558F1AE43049002720D6 /* EMABCategoryTableViewCell.h */,
				7D2B55901AE43049002720D6 /* EMABCategoryTableViewCell.m */,
				7D2B55921AE43069002720D6 /* EMABProductTableViewCell.h */,
				7D2B55931AE43069002720D6 /* EMABProductTableViewCell.m */,
				7D2B55951AE4308D002720D6 /* EMABOrderItemTableViewCell.h */,
				7D2B55961AE4308D002720D6 /* EMABOrderItemTableViewCell.m */,
				7D2B55981AE430AE002720D6 /* EMABPaymentMethodTableViewCell.h */,
				7D2B55991AE430AE002720D6 /* EMABPaymentMethodTableViewCell.m */,
				7D2B559B1AE430CD002720D6 /* EMABOrderHistoryTableViewCell.h */,
				7D2B559C1AE430CD002720D6 /* EMABOrderHistoryTableViewCell.m */,
			);
			name = View;
			sourceTree = "<group>";
		};
		7D2B55781AE42CD7002720D6 /* Controller */ = {
			isa = PBXGroup;
			children = (
				7D3EDC1A1AE2A29200FF229C /* EMABDispatchViewController.h */,
				7D3EDC1B1AE2A29200FF229C /* EMABDispatchViewController.m */,
				7D2B559E1AE4310F002720D6 /* EMABSignupViewController.h */,
				7D2B559F1AE4310F002720D6 /* EMABSignupViewController.m */,
				7D2B55A11AE43122002720D6 /* EMABLoginViewController.h */,
				7D2B55A21AE43122002720D6 /* EMABLoginViewController.m */,
				7D2B55A41AE43175002720D6 /* EMABCategoriesTableViewController.h */,
				7D2B55A51AE43175002720D6 /* EMABCategoriesTableViewController.m */,
				7D2B55A71AE43194002720D6 /* EMABProductsTableViewController.h */,
				7D2B55A81AE43194002720D6 /* EMABProductsTableViewController.m */,
				7D2B55AA1AE431CA002720D6 /* EMABProductsFilterViewController.h */,
				7D2B55AB1AE431CA002720D6 /* EMABProductsFilterViewController.m */,
				7D2B55AD1AE431F2002720D6 /* EMABProductDetailViewController.h */,
				7D2B55AE1AE431F2002720D6 /* EMABProductDetailViewController.m */,
				7D2B55B01AE43216002720D6 /* EMABBagTableViewController.h */,
				7D2B55B11AE43216002720D6 /* EMABBagTableViewController.m */,
				7D2B55B31AE4323D002720D6 /* EMABUserProfileTableViewController.h */,
				7D2B55B41AE4323D002720D6 /* EMABUserProfileTableViewController.m */,
				7D2B55B61AE4326E002720D6 /* EMABUserFavoriteHistoryTableViewController.h */,
				7D2B55B71AE4326E002720D6 /* EMABUserFavoriteHistoryTableViewController.m */,
				7D2B55B91AE4329B002720D6 /* EMABUserPaymentMethodTableViewController.h */,
				7D2B55BA1AE4329B002720D6 /* EMABUserPaymentMethodTableViewController.m */,
				7D2B55BC1AE43718002720D6 /* EMABUserAccountTableViewController.h */,
				7D2B55BD1AE43718002720D6 /* EMABUserAccountTableViewController.m */,
				7D2B55BF1AE437BC002720D6 /* EMABUserOrderHistoryTableViewController.h */,
				7D2B55C01AE437BC002720D6 /* EMABUserOrderHistoryTableViewController.m */,
			);
			name = Controller;
			sourceTree = "<group>";
		};
		7D2B55791AE42CDF002720D6 /* Utility */ = {
			isa = PBXGroup;
			children = (
				7D3EDC1D1AE2A37500FF229C /* EMABConstants.h */,
				7D3EDC1E1AE2A37500FF229C /* EMABConstants.m */,
			);
			name = Utility;
			sourceTree = "<group>";
		};
		7DCA056B1ADEE1B800501623 = {
			isa = PBXGroup;
			children = (
				7DCA05761ADEE1B800501623 /* Chapter7 */,
				7DCA05931ADEE1B800501623 /* Chapter1Tests */,
				7DCA05751ADEE1B800501623 /* Products */,
				E5D85610AB38869682929626 /* Pods */,
				50487B78628635A2FAEB4312 /* Frameworks */,
			);
			sourceTree = "<group>";
		};
		7DCA05751ADEE1B800501623 /* Products */ = {
			isa = PBXGroup;
			children = (
				7DCA05741ADEE1B800501623 /* Chapter7.app */,
				7DCA05901ADEE1B800501623 /* Chapter7Tests.xctest */,
			);
			name = Products;
			sourceTree = "<group>";
		};
		7DCA05761ADEE1B800501623 /* Chapter7 */ = {
			isa = PBXGroup;
			children = (
				7D2B55791AE42CDF002720D6 /* Utility */,
				7D2B55781AE42CD7002720D6 /* Controller */,
				7D2B55771AE42CCF002720D6 /* View */,
				7D2B55761AE42CB6002720D6 /* Model */,
				7DCA057B1ADEE1B800501623 /* EMABAppDelegate.h */,
				7DCA057C1ADEE1B800501623 /* EMABAppDelegate.m */,
				7DCA05841ADEE1B800501623 /* Main.storyboard */,
				7DCA05871ADEE1B800501623 /* Images.xcassets */,
				7DCA05891ADEE1B800501623 /* LaunchScreen.xib */,
				7DCA05771ADEE1B800501623 /* Supporting Files */,
				7D4E4EEB1AE0BB4C001553D9 /* LoginSignup.storyboard */,
			);
			name = Chapter7;
			path = Chapter1;
			sourceTree = "<group>";
		};
		7DCA05771ADEE1B800501623 /* Supporting Files */ = {
			isa = PBXGroup;
			children = (
				7DCA05781ADEE1B800501623 /* Info.plist */,
				7DCA05791ADEE1B800501623 /* main.m */,
			);
			name = "Supporting Files";
			sourceTree = "<group>";
		};
		7DCA05931ADEE1B800501623 /* Chapter1Tests */ = {
			isa = PBXGroup;
			children = (
				7DCA05961ADEE1B800501623 /* Chapter1Tests.m */,
				7DCA05941ADEE1B800501623 /* Supporting Files */,
			);
			path = Chapter1Tests;
			sourceTree = "<group>";
		};
		7DCA05941ADEE1B800501623 /* Supporting Files */ = {
			isa = PBXGroup;
			children = (
				7DCA05951ADEE1B800501623 /* Info.plist */,
			);
			name = "Supporting Files";
			sourceTree = "<group>";
		};
		E5D85610AB38869682929626 /* Pods */ = {
			isa = PBXGroup;
			children = (
				7B90FA775D57D26A0C9EDF4F /* Pods.debug.xcconfig */,
				80CF841F8F32251F599EA8BA /* Pods.release.xcconfig */,
			);
			name = Pods;
			sourceTree = "<group>";
		};
/* End PBXGroup section */

/* Begin PBXNativeTarget section */
		7DCA05731ADEE1B800501623 /* Chapter7 */ = {
			isa = PBXNativeTarget;
			buildConfigurationList = 7DCA059A1ADEE1B800501623 /* Build configuration list for PBXNativeTarget "Chapter7" */;
			buildPhases = (
				159263BA4AA8E96F9AD925A1 /* Check Pods Manifest.lock */,
				7DCA05701ADEE1B800501623 /* Sources */,
				7DCA05711ADEE1B800501623 /* Frameworks */,
				7DCA05721ADEE1B800501623 /* Resources */,
				3747D7040ED1937C18F6F1F4 /* Copy Pods Resources */,
			);
			buildRules = (
			);
			dependencies = (
			);
			name = Chapter7;
			productName = Chapter1;
			productReference = 7DCA05741ADEE1B800501623 /* Chapter7.app */;
			productType = "com.apple.product-type.application";
		};
		7DCA058F1ADEE1B800501623 /* Chapter7Tests */ = {
			isa = PBXNativeTarget;
			buildConfigurationList = 7DCA059D1ADEE1B800501623 /* Build configuration list for PBXNativeTarget "Chapter7Tests" */;
			buildPhases = (
				7DCA058C1ADEE1B800501623 /* Sources */,
				7DCA058D1ADEE1B800501623 /* Frameworks */,
				7DCA058E1ADEE1B800501623 /* Resources */,
			);
			buildRules = (
			);
			dependencies = (
				7DCA05921ADEE1B800501623 /* PBXTargetDependency */,
			);
			name = Chapter7Tests;
			productName = Chapter1Tests;
			productReference = 7DCA05901ADEE1B800501623 /* Chapter7Tests.xctest */;
			productType = "com.apple.product-type.bundle.unit-test";
		};
/* End PBXNativeTarget section */

/* Begin PBXProject section */
		7DCA056C1ADEE1B800501623 /* Project object */ = {
			isa = PBXProject;
			attributes = {
				LastUpgradeCheck = 0630;
				ORGANIZATIONNAME = "Liangjun Jiang";
				TargetAttributes = {
					7DCA05731ADEE1B800501623 = {
						CreatedOnToolsVersion = 6.3;
					};
					7DCA058F1ADEE1B800501623 = {
						CreatedOnToolsVersion = 6.3;
						TestTargetID = 7DCA05731ADEE1B800501623;
					};
				};
			};
			buildConfigurationList = 7DCA056F1ADEE1B800501623 /* Build configuration list for PBXProject "Chapter7" */;
			compatibilityVersion = "Xcode 3.2";
			developmentRegion = English;
			hasScannedForEncodings = 0;
			knownRegions = (
				en,
				Base,
			);
			mainGroup = 7DCA056B1ADEE1B800501623;
			productRefGroup = 7DCA05751ADEE1B800501623 /* Products */;
			projectDirPath = "";
			projectRoot = "";
			targets = (
				7DCA05731ADEE1B800501623 /* Chapter7 */,
				7DCA058F1ADEE1B800501623 /* Chapter7Tests */,
			);
		};
/* End PBXProject section */

/* Begin PBXResourcesBuildPhase section */
		7DCA05721ADEE1B800501623 /* Resources */ = {
			isa = PBXResourcesBuildPhase;
			buildActionMask = 2147483647;
			files = (
				7D4E4EEC1AE0BB4C001553D9 /* LoginSignup.storyboard in Resources */,
				7DCA05861ADEE1B800501623 /* Main.storyboard in Resources */,
				7DCA058B1ADEE1B800501623 /* LaunchScreen.xib in Resources */,
				7DCA05881ADEE1B800501623 /* Images.xcassets in Resources */,
			);
			runOnlyForDeploymentPostprocessing = 0;
		};
		7DCA058E1ADEE1B800501623 /* Resources */ = {
			isa = PBXResourcesBuildPhase;
			buildActionMask = 2147483647;
			files = (
			);
			runOnlyForDeploymentPostprocessing = 0;
		};
/* End PBXResourcesBuildPhase section */

/* Begin PBXShellScriptBuildPhase section */
		159263BA4AA8E96F9AD925A1 /* Check Pods Manifest.lock */ = {
			isa = PBXShellScriptBuildPhase;
			buildActionMask = 2147483647;
			files = (
			);
			inputPaths = (
			);
			name = "Check Pods Manifest.lock";
			outputPaths = (
			);
			runOnlyForDeploymentPostprocessing = 0;
			shellPath = /bin/sh;
			shellScript = "diff \"${PODS_ROOT}/../Podfile.lock\" \"${PODS_ROOT}/Manifest.lock\" > /dev/null\nif [[ $? != 0 ]] ; then\n    cat << EOM\nerror: The sandbox is not in sync with the Podfile.lock. Run 'pod install' or update your CocoaPods installation.\nEOM\n    exit 1\nfi\n";
			showEnvVarsInLog = 0;
		};
		3747D7040ED1937C18F6F1F4 /* Copy Pods Resources */ = {
			isa = PBXShellScriptBuildPhase;
			buildActionMask = 2147483647;
			files = (
			);
			inputPaths = (
			);
			name = "Copy Pods Resources";
			outputPaths = (
			);
			runOnlyForDeploymentPostprocessing = 0;
			shellPath = /bin/sh;
			shellScript = "\"${SRCROOT}/Pods/Target Support Files/Pods/Pods-resources.sh\"\n";
			showEnvVarsInLog = 0;
		};
/* End PBXShellScriptBuildPhase section */

/* Begin PBXSourcesBuildPhase section */
		7DCA05701ADEE1B800501623 /* Sources */ = {
			isa = PBXSourcesBuildPhase;
			buildActionMask = 2147483647;
			files = (
				7D2B55A61AE43175002720D6 /* EMABCategoriesTableViewController.m in Sources */,
				7D2B559D1AE430CD002720D6 /* EMABOrderHistoryTableViewCell.m in Sources */,
				7D2B55B21AE43216002720D6 /* EMABBagTableViewController.m in Sources */,
				7D2B55B51AE4323D002720D6 /* EMABUserProfileTableViewController.m in Sources */,
				7D2B55AF1AE431F2002720D6 /* EMABProductDetailViewController.m in Sources */,
				7D2B55A01AE4310F002720D6 /* EMABSignupViewController.m in Sources */,
				7D2B55911AE43049002720D6 /* EMABCategoryTableViewCell.m in Sources */,
				7D2B55821AE42D5B002720D6 /* EMABProduct.m in Sources */,
				7D2B55BE1AE43718002720D6 /* EMABUserAccountTableViewController.m in Sources */,
				7D3EDC1F1AE2A37500FF229C /* EMABConstants.m in Sources */,
				7D2B558B1AE42DA2002720D6 /* EMABPaymentMethod.m in Sources */,
				7D2B55851AE42D78002720D6 /* EMABOrderItem.m in Sources */,
				7D2B55A91AE43194002720D6 /* EMABProductsTableViewController.m in Sources */,
				7D2B55C11AE437BC002720D6 /* EMABUserOrderHistoryTableViewController.m in Sources */,
				7D2B558E1AE42DC1002720D6 /* EMABFavoriteProduct.m in Sources */,
				7DCA057D1ADEE1B800501623 /* EMABAppDelegate.m in Sources */,
				7D2B557C1AE42D1C002720D6 /* EMABUser.m in Sources */,
				7D3EDC1C1AE2A29200FF229C /* EMABDispatchViewController.m in Sources */,
				7D2B55881AE42D8B002720D6 /* EMABOrder.m in Sources */,
				7D2B55BB1AE4329B002720D6 /* EMABUserPaymentMethodTableViewController.m in Sources */,
				7D2B557F1AE42D42002720D6 /* EMABCategory.m in Sources */,
				7D2B55941AE43069002720D6 /* EMABProductTableViewCell.m in Sources */,
				7D2B55AC1AE431CA002720D6 /* EMABProductsFilterViewController.m in Sources */,
				7D2B55971AE4308D002720D6 /* EMABOrderItemTableViewCell.m in Sources */,
				7D2B55A31AE43122002720D6 /* EMABLoginViewController.m in Sources */,
				7D2B559A1AE430AE002720D6 /* EMABPaymentMethodTableViewCell.m in Sources */,
				7D2B55B81AE4326E002720D6 /* EMABUserFavoriteHistoryTableViewController.m in Sources */,
				7DCA057A1ADEE1B800501623 /* main.m in Sources */,
			);
			runOnlyForDeploymentPostprocessing = 0;
		};
		7DCA058C1ADEE1B800501623 /* Sources */ = {
			isa = PBXSourcesBuildPhase;
			buildActionMask = 2147483647;
			files = (
				7DCA05971ADEE1B800501623 /* Chapter1Tests.m in Sources */,
			);
			runOnlyForDeploymentPostprocessing = 0;
		};
/* End PBXSourcesBuildPhase section */

/* Begin PBXTargetDependency section */
		7DCA05921ADEE1B800501623 /* PBXTargetDependency */ = {
			isa = PBXTargetDependency;
			target = 7DCA05731ADEE1B800501623 /* Chapter7 */;
			targetProxy = 7DCA05911ADEE1B800501623 /* PBXContainerItemProxy */;
		};
/* End PBXTargetDependency section */

/* Begin PBXVariantGroup section */
		7DCA05841ADEE1B800501623 /* Main.storyboard */ = {
			isa = PBXVariantGroup;
			children = (
				7DCA05851ADEE1B800501623 /* Base */,
			);
			name = Main.storyboard;
			sourceTree = "<group>";
		};
		7DCA05891ADEE1B800501623 /* LaunchScreen.xib */ = {
			isa = PBXVariantGroup;
			children = (
				7DCA058A1ADEE1B800501623 /* Base */,
			);
			name = LaunchScreen.xib;
			sourceTree = "<group>";
		};
/* End PBXVariantGroup section */

/* Begin XCBuildConfiguration section */
		7DCA05981ADEE1B800501623 /* Debug */ = {
			isa = XCBuildConfiguration;
			buildSettings = {
				ALWAYS_SEARCH_USER_PATHS = NO;
				CLANG_CXX_LANGUAGE_STANDARD = "gnu++0x";
				CLANG_CXX_LIBRARY = "libc++";
				CLANG_ENABLE_MODULES = YES;
				CLANG_ENABLE_OBJC_ARC = YES;
				CLANG_WARN_BOOL_CONVERSION = YES;
				CLANG_WARN_CONSTANT_CONVERSION = YES;
				CLANG_WARN_DIRECT_OBJC_ISA_USAGE = YES_ERROR;
				CLANG_WARN_EMPTY_BODY = YES;
				CLANG_WARN_ENUM_CONVERSION = YES;
				CLANG_WARN_INT_CONVERSION = YES;
				CLANG_WARN_OBJC_ROOT_CLASS = YES_ERROR;
				CLANG_WARN_UNREACHABLE_CODE = YES;
				CLANG_WARN__DUPLICATE_METHOD_MATCH = YES;
				"CODE_SIGN_IDENTITY[sdk=iphoneos*]" = "iPhone Developer";
				COPY_PHASE_STRIP = NO;
				DEBUG_INFORMATION_FORMAT = "dwarf-with-dsym";
				ENABLE_STRICT_OBJC_MSGSEND = YES;
				GCC_C_LANGUAGE_STANDARD = gnu99;
				GCC_DYNAMIC_NO_PIC = NO;
				GCC_NO_COMMON_BLOCKS = YES;
				GCC_OPTIMIZATION_LEVEL = 0;
				GCC_PREPROCESSOR_DEFINITIONS = (
					"DEBUG=1",
					"$(inherited)",
				);
				GCC_SYMBOLS_PRIVATE_EXTERN = NO;
				GCC_WARN_64_TO_32_BIT_CONVERSION = YES;
				GCC_WARN_ABOUT_RETURN_TYPE = YES_ERROR;
				GCC_WARN_UNDECLARED_SELECTOR = YES;
				GCC_WARN_UNINITIALIZED_AUTOS = YES_AGGRESSIVE;
				GCC_WARN_UNUSED_FUNCTION = YES;
				GCC_WARN_UNUSED_VARIABLE = YES;
				IPHONEOS_DEPLOYMENT_TARGET = 8.3;
				MTL_ENABLE_DEBUG_INFO = YES;
				ONLY_ACTIVE_ARCH = YES;
				SDKROOT = iphoneos;
			};
			name = Debug;
		};
		7DCA05991ADEE1B800501623 /* Release */ = {
			isa = XCBuildConfiguration;
			buildSettings = {
				ALWAYS_SEARCH_USER_PATHS = NO;
				CLANG_CXX_LANGUAGE_STANDARD = "gnu++0x";
				CLANG_CXX_LIBRARY = "libc++";
				CLANG_ENABLE_MODULES = YES;
				CLANG_ENABLE_OBJC_ARC = YES;
				CLANG_WARN_BOOL_CONVERSION = YES;
				CLANG_WARN_CONSTANT_CONVERSION = YES;
				CLANG_WARN_DIRECT_OBJC_ISA_USAGE = YES_ERROR;
				CLANG_WARN_EMPTY_BODY = YES;
				CLANG_WARN_ENUM_CONVERSION = YES;
				CLANG_WARN_INT_CONVERSION = YES;
				CLANG_WARN_OBJC_ROOT_CLASS = YES_ERROR;
				CLANG_WARN_UNREACHABLE_CODE = YES;
				CLANG_WARN__DUPLICATE_METHOD_MATCH = YES;
				"CODE_SIGN_IDENTITY[sdk=iphoneos*]" = "iPhone Developer";
				COPY_PHASE_STRIP = NO;
				DEBUG_INFORMATION_FORMAT = "dwarf-with-dsym";
				ENABLE_NS_ASSERTIONS = NO;
				ENABLE_STRICT_OBJC_MSGSEND = YES;
				GCC_C_LANGUAGE_STANDARD = gnu99;
				GCC_NO_COMMON_BLOCKS = YES;
				GCC_WARN_64_TO_32_BIT_CONVERSION = YES;
				GCC_WARN_ABOUT_RETURN_TYPE = YES_ERROR;
				GCC_WARN_UNDECLARED_SELECTOR = YES;
				GCC_WARN_UNINITIALIZED_AUTOS = YES_AGGRESSIVE;
				GCC_WARN_UNUSED_FUNCTION = YES;
				GCC_WARN_UNUSED_VARIABLE = YES;
				IPHONEOS_DEPLOYMENT_TARGET = 8.3;
				MTL_ENABLE_DEBUG_INFO = NO;
				SDKROOT = iphoneos;
				VALIDATE_PRODUCT = YES;
			};
			name = Release;
		};
		7DCA059B1ADEE1B800501623 /* Debug */ = {
			isa = XCBuildConfiguration;
			baseConfigurationReference = 7B90FA775D57D26A0C9EDF4F /* Pods.debug.xcconfig */;
			buildSettings = {
				ASSETCATALOG_COMPILER_APPICON_NAME = AppIcon;
				INFOPLIST_FILE = Chapter1/Info.plist;
				LD_RUNPATH_SEARCH_PATHS = "$(inherited) @executable_path/Frameworks";
				PRODUCT_NAME = Chapter7;
			};
			name = Debug;
		};
		7DCA059C1ADEE1B800501623 /* Release */ = {
			isa = XCBuildConfiguration;
			baseConfigurationReference = 80CF841F8F32251F599EA8BA /* Pods.release.xcconfig */;
			buildSettings = {
				ASSETCATALOG_COMPILER_APPICON_NAME = AppIcon;
				INFOPLIST_FILE = Chapter1/Info.plist;
				LD_RUNPATH_SEARCH_PATHS = "$(inherited) @executable_path/Frameworks";
				PRODUCT_NAME = Chapter7;
			};
			name = Release;
		};
		7DCA059E1ADEE1B800501623 /* Debug */ = {
			isa = XCBuildConfiguration;
			buildSettings = {
				BUNDLE_LOADER = "$(TEST_HOST)";
				FRAMEWORK_SEARCH_PATHS = (
					"$(SDKROOT)/Developer/Library/Frameworks",
					"$(inherited)",
				);
				GCC_PREPROCESSOR_DEFINITIONS = (
					"DEBUG=1",
					"$(inherited)",
				);
				INFOPLIST_FILE = Chapter1Tests/Info.plist;
				LD_RUNPATH_SEARCH_PATHS = "$(inherited) @executable_path/Frameworks @loader_path/Frameworks";
				PRODUCT_NAME = Chapter7Tests;
				TEST_HOST = "$(BUILT_PRODUCTS_DIR)/Chapter1.app/Chapter1";
			};
			name = Debug;
		};
		7DCA059F1ADEE1B800501623 /* Release */ = {
			isa = XCBuildConfiguration;
			buildSettings = {
				BUNDLE_LOADER = "$(TEST_HOST)";
				FRAMEWORK_SEARCH_PATHS = (
					"$(SDKROOT)/Developer/Library/Frameworks",
					"$(inherited)",
				);
				INFOPLIST_FILE = Chapter1Tests/Info.plist;
				LD_RUNPATH_SEARCH_PATHS = "$(inherited) @executable_path/Frameworks @loader_path/Frameworks";
				PRODUCT_NAME = Chapter7Tests;
				TEST_HOST = "$(BUILT_PRODUCTS_DIR)/Chapter1.app/Chapter1";
			};
			name = Release;
		};
/* End XCBuildConfiguration section */

/* Begin XCConfigurationList section */
		7DCA056F1ADEE1B800501623 /* Build configuration list for PBXProject "Chapter7" */ = {
			isa = XCConfigurationList;
			buildConfigurations = (
				7DCA05981ADEE1B800501623 /* Debug */,
				7DCA05991ADEE1B800501623 /* Release */,
			);
			defaultConfigurationIsVisible = 0;
			defaultConfigurationName = Release;
		};
		7DCA059A1ADEE1B800501623 /* Build configuration list for PBXNativeTarget "Chapter7" */ = {
			isa = XCConfigurationList;
			buildConfigurations = (
				7DCA059B1ADEE1B800501623 /* Debug */,
				7DCA059C1ADEE1B800501623 /* Release */,
			);
			defaultConfigurationIsVisible = 0;
			defaultConfigurationName = Release;
		};
		7DCA059D1ADEE1B800501623 /* Build configuration list for PBXNativeTarget "Chapter7Tests" */ = {
			isa = XCConfigurationList;
			buildConfigurations = (
				7DCA059E1ADEE1B800501623 /* Debug */,
				7DCA059F1ADEE1B800501623 /* Release */,
			);
			defaultConfigurationIsVisible = 0;
			defaultConfigurationName = Release;
		};
/* End XCConfigurationList section */
	};
	rootObject = 7DCA056C1ADEE1B800501623 /* Project object */;
}
